
Microsoft Visual Studio Solution File, Format Version 12.00
# Visual Studio 15
VisualStudioVersion = 15.0.26430.13
MinimumVisualStudioVersion = 10.0.40219.1
Project("{FAE04EC0-301F-11D3-BF4B-00C04F79EFBC}") = "TestRail", "TestRail\TestRail.csproj", "{68C04A3F-DA7C-4588-8AA8-11A01C13630B}"
EndProject
Project("{9A19103F-16F7-4668-BE54-9A1E7A4F7556}") = "TestRail.Standard", "TestRail.Standard\TestRail.Standard.csproj", "{EE6109BC-A666-4149-9B9B-9049946B91F6}"
EndProject
Global
	GlobalSection(SolutionConfigurationPlatforms) = preSolution
		Debug|Any CPU = Debug|Any CPU
		Release|Any CPU = Release|Any CPU
	EndGlobalSection
	GlobalSection(ProjectConfigurationPlatforms) = postSolution
		{68C04A3F-DA7C-4588-8AA8-11A01C13630B}.Debug|Any CPU.ActiveCfg = Debug|Any CPU
		{68C04A3F-DA7C-4588-8AA8-11A01C13630B}.Debug|Any CPU.Build.0 = Debug|Any CPU
		{68C04A3F-DA7C-4588-8AA8-11A01C13630B}.Release|Any CPU.ActiveCfg = Release|Any CPU
		{68C04A3F-DA7C-4588-8AA8-11A01C13630B}.Release|Any CPU.Build.0 = Release|Any CPU
		{EE6109BC-A666-4149-9B9B-9049946B91F6}.Debug|Any CPU.ActiveCfg = Debug|Any CPU
		{EE6109BC-A666-4149-9B9B-9049946B91F6}.Debug|Any CPU.Build.0 = Debug|Any CPU
		{EE6109BC-A666-4149-9B9B-9049946B91F6}.Release|Any CPU.ActiveCfg = Release|Any CPU
		{EE6109BC-A666-4149-9B9B-9049946B91F6}.Release|Any CPU.Build.0 = Release|Any CPU
	EndGlobalSection
	GlobalSection(SolutionProperties) = preSolution
		HideSolutionNode = FALSE
	EndGlobalSection
EndGlobal
